
Microsoft Visual Studio Solution File, Format Version 12.00
# Visual Studio 15
Project("{FAE04EC0-301F-11D3-BF4B-00C04F79EFBC}") = "Assembly-CSharp", "Assembly-CSharp.csproj", "{4D14C871-4E72-54D9-7690-28A5E904BD2D}"
EndProject
Project("{FAE04EC0-301F-11D3-BF4B-00C04F79EFBC}") = "Assembly-CSharp-Editor", "Assembly-CSharp-Editor.csproj", "{3A193A2B-C336-E831-8BCB-508E08E788BE}"
EndProject
Global
	GlobalSection(SolutionConfigurationPlatforms) = preSolution
		Debug|Any CPU = Debug|Any CPU
		Release|Any CPU = Release|Any CPU
	EndGlobalSection
	GlobalSection(ProjectConfigurationPlatforms) = postSolution
		{4D14C871-4E72-54D9-7690-28A5E904BD2D}.Debug|Any CPU.ActiveCfg = Debug|Any CPU
		{4D14C871-4E72-54D9-7690-28A5E904BD2D}.Debug|Any CPU.Build.0 = Debug|Any CPU
		{4D14C871-4E72-54D9-7690-28A5E904BD2D}.Release|Any CPU.ActiveCfg = Release|Any CPU
		{4D14C871-4E72-54D9-7690-28A5E904BD2D}.Release|Any CPU.Build.0 = Release|Any CPU
		{3A193A2B-C336-E831-8BCB-508E08E788BE}.Debug|Any CPU.ActiveCfg = Debug|Any CPU
		{3A193A2B-C336-E831-8BCB-508E08E788BE}.Debug|Any CPU.Build.0 = Debug|Any CPU
		{3A193A2B-C336-E831-8BCB-508E08E788BE}.Release|Any CPU.ActiveCfg = Release|Any CPU
		{3A193A2B-C336-E831-8BCB-508E08E788BE}.Release|Any CPU.Build.0 = Release|Any CPU
	EndGlobalSection
	GlobalSection(SolutionProperties) = preSolution
		HideSolutionNode = FALSE
	EndGlobalSection
EndGlobal
